// !$*UTF8*$!
{
	archiveVersion = 1;
	classes = {
	};
	objectVersion = 56;
	objects = {

/* Begin PBXBuildFile section */
		3C0C15F029F88EE700B9DD51 /* MainInteractor.swift in Sources */ = {isa = PBXBuildFile; fileRef = 3C0C15EF29F88EE700B9DD51 /* MainInteractor.swift */; };
		3C0C15F229F88FD000B9DD51 /* CharacterWorker.swift in Sources */ = {isa = PBXBuildFile; fileRef = 3C0C15F129F88FD000B9DD51 /* CharacterWorker.swift */; };
		3C0C15F529F8900500B9DD51 /* MainPresenter.swift in Sources */ = {isa = PBXBuildFile; fileRef = 3C0C15F429F8900500B9DD51 /* MainPresenter.swift */; };
		3C0C15F729F890BD00B9DD51 /* MainModels.swift in Sources */ = {isa = PBXBuildFile; fileRef = 3C0C15F629F890BD00B9DD51 /* MainModels.swift */; };
		3C0C15F929F89B1F00B9DD51 /* MainConfiguration.swift in Sources */ = {isa = PBXBuildFile; fileRef = 3C0C15F829F89B1F00B9DD51 /* MainConfiguration.swift */; };
		3C22922529F8094200A90EE8 /* LoadingView.swift in Sources */ = {isa = PBXBuildFile; fileRef = 3C22922429F8094200A90EE8 /* LoadingView.swift */; };
		3C22922929F8347200A90EE8 /* Color.swift in Sources */ = {isa = PBXBuildFile; fileRef = 3C22922829F8347200A90EE8 /* Color.swift */; };
		3C3A1D6429F6B666002208BC /* AppDelegate.swift in Sources */ = {isa = PBXBuildFile; fileRef = 3C3A1D6329F6B666002208BC /* AppDelegate.swift */; };
		3C3A1D6829F6B666002208BC /* ViewController.swift in Sources */ = {isa = PBXBuildFile; fileRef = 3C3A1D6729F6B666002208BC /* ViewController.swift */; };
		3C3A1D6D29F6B668002208BC /* Assets.xcassets in Resources */ = {isa = PBXBuildFile; fileRef = 3C3A1D6C29F6B668002208BC /* Assets.xcassets */; };
		3C3A1D7029F6B668002208BC /* LaunchScreen.storyboard in Resources */ = {isa = PBXBuildFile; fileRef = 3C3A1D6E29F6B668002208BC /* LaunchScreen.storyboard */; };
		3C3A1D7B29F6B668002208BC /* rickmortyTests.swift in Sources */ = {isa = PBXBuildFile; fileRef = 3C3A1D7A29F6B668002208BC /* rickmortyTests.swift */; };
		3C3A1D8529F6B668002208BC /* rickmortyUITests.swift in Sources */ = {isa = PBXBuildFile; fileRef = 3C3A1D8429F6B668002208BC /* rickmortyUITests.swift */; };
		3C3A1D8729F6B668002208BC /* rickmortyUITestsLaunchTests.swift in Sources */ = {isa = PBXBuildFile; fileRef = 3C3A1D8629F6B668002208BC /* rickmortyUITestsLaunchTests.swift */; };
		3C3A1D9629F6BC62002208BC /* MainViewController.swift in Sources */ = {isa = PBXBuildFile; fileRef = 3C3A1D9529F6BC62002208BC /* MainViewController.swift */; };
		3C3A1D9829F6BF54002208BC /* Colors.xcassets in Resources */ = {isa = PBXBuildFile; fileRef = 3C3A1D9729F6BF54002208BC /* Colors.xcassets */; };
		3C4A41A529FA91D500EBAEB5 /* UIView.swift in Sources */ = {isa = PBXBuildFile; fileRef = 3C4A41A429FA91D500EBAEB5 /* UIView.swift */; };
		3C911F1929FBEE14006CBA74 /* PromiseKit in Frameworks */ = {isa = PBXBuildFile; productRef = 3C911F1829FBEE14006CBA74 /* PromiseKit */; };
		3CD6EADA29F993020027DF1E /* MainTableResultViewCell.swift in Sources */ = {isa = PBXBuildFile; fileRef = 3CD6EAD929F993020027DF1E /* MainTableResultViewCell.swift */; };
		3CD6EADC29F9A7530027DF1E /* UIImageView.swift in Sources */ = {isa = PBXBuildFile; fileRef = 3CD6EADB29F9A7530027DF1E /* UIImageView.swift */; };
/* End PBXBuildFile section */

/* Begin PBXContainerItemProxy section */
		3C3A1D7729F6B668002208BC /* PBXContainerItemProxy */ = {
			isa = PBXContainerItemProxy;
			containerPortal = 3C3A1D5829F6B666002208BC /* Project object */;
			proxyType = 1;
			remoteGlobalIDString = 3C3A1D5F29F6B666002208BC;
			remoteInfo = rickmorty;
		};
		3C3A1D8129F6B668002208BC /* PBXContainerItemProxy */ = {
			isa = PBXContainerItemProxy;
			containerPortal = 3C3A1D5829F6B666002208BC /* Project object */;
			proxyType = 1;
			remoteGlobalIDString = 3C3A1D5F29F6B666002208BC;
			remoteInfo = rickmorty;
		};
/* End PBXContainerItemProxy section */

/* Begin PBXFileReference section */
		3C0C15EF29F88EE700B9DD51 /* MainInteractor.swift */ = {isa = PBXFileReference; lastKnownFileType = sourcecode.swift; path = MainInteractor.swift; sourceTree = "<group>"; };
		3C0C15F129F88FD000B9DD51 /* CharacterWorker.swift */ = {isa = PBXFileReference; lastKnownFileType = sourcecode.swift; path = CharacterWorker.swift; sourceTree = "<group>"; };
		3C0C15F429F8900500B9DD51 /* MainPresenter.swift */ = {isa = PBXFileReference; lastKnownFileType = sourcecode.swift; path = MainPresenter.swift; sourceTree = "<group>"; };
		3C0C15F629F890BD00B9DD51 /* MainModels.swift */ = {isa = PBXFileReference; lastKnownFileType = sourcecode.swift; path = MainModels.swift; sourceTree = "<group>"; };
		3C0C15F829F89B1F00B9DD51 /* MainConfiguration.swift */ = {isa = PBXFileReference; lastKnownFileType = sourcecode.swift; path = MainConfiguration.swift; sourceTree = "<group>"; };
		3C22922429F8094200A90EE8 /* LoadingView.swift */ = {isa = PBXFileReference; lastKnownFileType = sourcecode.swift; path = LoadingView.swift; sourceTree = "<group>"; };
		3C22922829F8347200A90EE8 /* Color.swift */ = {isa = PBXFileReference; lastKnownFileType = sourcecode.swift; path = Color.swift; sourceTree = "<group>"; };
		3C3A1D6029F6B666002208BC /* rickmorty.app */ = {isa = PBXFileReference; explicitFileType = wrapper.application; includeInIndex = 0; path = rickmorty.app; sourceTree = BUILT_PRODUCTS_DIR; };
		3C3A1D6329F6B666002208BC /* AppDelegate.swift */ = {isa = PBXFileReference; lastKnownFileType = sourcecode.swift; path = AppDelegate.swift; sourceTree = "<group>"; };
		3C3A1D6729F6B666002208BC /* ViewController.swift */ = {isa = PBXFileReference; lastKnownFileType = sourcecode.swift; path = ViewController.swift; sourceTree = "<group>"; };
		3C3A1D6C29F6B668002208BC /* Assets.xcassets */ = {isa = PBXFileReference; lastKnownFileType = folder.assetcatalog; path = Assets.xcassets; sourceTree = "<group>"; };
		3C3A1D6F29F6B668002208BC /* Base */ = {isa = PBXFileReference; lastKnownFileType = file.storyboard; name = Base; path = Base.lproj/LaunchScreen.storyboard; sourceTree = "<group>"; };
		3C3A1D7129F6B668002208BC /* Info.plist */ = {isa = PBXFileReference; lastKnownFileType = text.plist.xml; path = Info.plist; sourceTree = "<group>"; };
		3C3A1D7629F6B668002208BC /* rickmortyTests.xctest */ = {isa = PBXFileReference; explicitFileType = wrapper.cfbundle; includeInIndex = 0; path = rickmortyTests.xctest; sourceTree = BUILT_PRODUCTS_DIR; };
		3C3A1D7A29F6B668002208BC /* rickmortyTests.swift */ = {isa = PBXFileReference; lastKnownFileType = sourcecode.swift; path = rickmortyTests.swift; sourceTree = "<group>"; };
		3C3A1D8029F6B668002208BC /* rickmortyUITests.xctest */ = {isa = PBXFileReference; explicitFileType = wrapper.cfbundle; includeInIndex = 0; path = rickmortyUITests.xctest; sourceTree = BUILT_PRODUCTS_DIR; };
		3C3A1D8429F6B668002208BC /* rickmortyUITests.swift */ = {isa = PBXFileReference; lastKnownFileType = sourcecode.swift; path = rickmortyUITests.swift; sourceTree = "<group>"; };
		3C3A1D8629F6B668002208BC /* rickmortyUITestsLaunchTests.swift */ = {isa = PBXFileReference; lastKnownFileType = sourcecode.swift; path = rickmortyUITestsLaunchTests.swift; sourceTree = "<group>"; };
		3C3A1D9529F6BC62002208BC /* MainViewController.swift */ = {isa = PBXFileReference; lastKnownFileType = sourcecode.swift; path = MainViewController.swift; sourceTree = "<group>"; };
		3C3A1D9729F6BF54002208BC /* Colors.xcassets */ = {isa = PBXFileReference; lastKnownFileType = folder.assetcatalog; path = Colors.xcassets; sourceTree = "<group>"; };
		3C4A41A429FA91D500EBAEB5 /* UIView.swift */ = {isa = PBXFileReference; lastKnownFileType = sourcecode.swift; path = UIView.swift; sourceTree = "<group>"; };
		3CD6EAD929F993020027DF1E /* MainTableResultViewCell.swift */ = {isa = PBXFileReference; lastKnownFileType = sourcecode.swift; path = MainTableResultViewCell.swift; sourceTree = "<group>"; };
		3CD6EADB29F9A7530027DF1E /* UIImageView.swift */ = {isa = PBXFileReference; lastKnownFileType = sourcecode.swift; path = UIImageView.swift; sourceTree = "<group>"; };
/* End PBXFileReference section */

/* Begin PBXFrameworksBuildPhase section */
		3C3A1D5D29F6B666002208BC /* Frameworks */ = {
			isa = PBXFrameworksBuildPhase;
			buildActionMask = 2147483647;
			files = (
				3C911F1929FBEE14006CBA74 /* PromiseKit in Frameworks */,
			);
			runOnlyForDeploymentPostprocessing = 0;
		};
		3C3A1D7329F6B668002208BC /* Frameworks */ = {
			isa = PBXFrameworksBuildPhase;
			buildActionMask = 2147483647;
			files = (
			);
			runOnlyForDeploymentPostprocessing = 0;
		};
		3C3A1D7D29F6B668002208BC /* Frameworks */ = {
			isa = PBXFrameworksBuildPhase;
			buildActionMask = 2147483647;
			files = (
			);
			runOnlyForDeploymentPostprocessing = 0;
		};
/* End PBXFrameworksBuildPhase section */

/* Begin PBXGroup section */
		3C0C15F329F88FDB00B9DD51 /* Workers */ = {
			isa = PBXGroup;
			children = (
				3C0C15F129F88FD000B9DD51 /* CharacterWorker.swift */,
			);
			path = Workers;
			sourceTree = "<group>";
		};
		3C21C30C29F6EBB7001FDE96 /* Common */ = {
			isa = PBXGroup;
			children = (
				3C22922729F8346300A90EE8 /* Extension */,
				3C22922629F8345A00A90EE8 /* View */,
			);
			path = Common;
			sourceTree = "<group>";
		};
		3C22922629F8345A00A90EE8 /* View */ = {
			isa = PBXGroup;
			children = (
				3C22922429F8094200A90EE8 /* LoadingView.swift */,
			);
			path = View;
			sourceTree = "<group>";
		};
		3C22922729F8346300A90EE8 /* Extension */ = {
			isa = PBXGroup;
			children = (
				3C22922829F8347200A90EE8 /* Color.swift */,
				3CD6EADB29F9A7530027DF1E /* UIImageView.swift */,
				3C4A41A429FA91D500EBAEB5 /* UIView.swift */,
			);
			path = Extension;
			sourceTree = "<group>";
		};
		3C3A1D5729F6B666002208BC = {
			isa = PBXGroup;
			children = (
				3C3A1D6229F6B666002208BC /* rickmorty */,
				3C3A1D7929F6B668002208BC /* rickmortyTests */,
				3C3A1D8329F6B668002208BC /* rickmortyUITests */,
				3C3A1D6129F6B666002208BC /* Products */,
			);
			sourceTree = "<group>";
		};
		3C3A1D6129F6B666002208BC /* Products */ = {
			isa = PBXGroup;
			children = (
				3C3A1D6029F6B666002208BC /* rickmorty.app */,
				3C3A1D7629F6B668002208BC /* rickmortyTests.xctest */,
				3C3A1D8029F6B668002208BC /* rickmortyUITests.xctest */,
			);
			name = Products;
			sourceTree = "<group>";
		};
		3C3A1D6229F6B666002208BC /* rickmorty */ = {
			isa = PBXGroup;
			children = (
				3C0C15F329F88FDB00B9DD51 /* Workers */,
				3C21C30C29F6EBB7001FDE96 /* Common */,
				3C3A1D9329F6BBC2002208BC /* Scenes */,
				3C3A1D6329F6B666002208BC /* AppDelegate.swift */,
				3C3A1D6729F6B666002208BC /* ViewController.swift */,
				3C3A1D6E29F6B668002208BC /* LaunchScreen.storyboard */,
				3C3A1D7129F6B668002208BC /* Info.plist */,
				3C3A1D6C29F6B668002208BC /* Assets.xcassets */,
				3C3A1D9729F6BF54002208BC /* Colors.xcassets */,
			);
			path = rickmorty;
			sourceTree = "<group>";
		};
		3C3A1D7929F6B668002208BC /* rickmortyTests */ = {
			isa = PBXGroup;
			children = (
				3C3A1D7A29F6B668002208BC /* rickmortyTests.swift */,
			);
			path = rickmortyTests;
			sourceTree = "<group>";
		};
		3C3A1D8329F6B668002208BC /* rickmortyUITests */ = {
			isa = PBXGroup;
			children = (
				3C3A1D8429F6B668002208BC /* rickmortyUITests.swift */,
				3C3A1D8629F6B668002208BC /* rickmortyUITestsLaunchTests.swift */,
			);
			path = rickmortyUITests;
			sourceTree = "<group>";
		};
		3C3A1D9329F6BBC2002208BC /* Scenes */ = {
			isa = PBXGroup;
			children = (
				3C3A1D9429F6BBE1002208BC /* Main */,
			);
			path = Scenes;
			sourceTree = "<group>";
		};
		3C3A1D9429F6BBE1002208BC /* Main */ = {
			isa = PBXGroup;
			children = (
				3C3A1D9529F6BC62002208BC /* MainViewController.swift */,
				3C0C15EF29F88EE700B9DD51 /* MainInteractor.swift */,
				3C0C15F429F8900500B9DD51 /* MainPresenter.swift */,
				3C0C15F629F890BD00B9DD51 /* MainModels.swift */,
				3C0C15F829F89B1F00B9DD51 /* MainConfiguration.swift */,
				3CD6EAD929F993020027DF1E /* MainTableResultViewCell.swift */,
			);
			path = Main;
			sourceTree = "<group>";
		};
/* End PBXGroup section */

/* Begin PBXNativeTarget section */
		3C3A1D5F29F6B666002208BC /* rickmorty */ = {
			isa = PBXNativeTarget;
			buildConfigurationList = 3C3A1D8A29F6B668002208BC /* Build configuration list for PBXNativeTarget "rickmorty" */;
			buildPhases = (
				3C3A1D5C29F6B666002208BC /* Sources */,
				3C3A1D5D29F6B666002208BC /* Frameworks */,
				3C3A1D5E29F6B666002208BC /* Resources */,
			);
			buildRules = (
			);
			dependencies = (
			);
			name = rickmorty;
			packageProductDependencies = (
				3C911F1829FBEE14006CBA74 /* PromiseKit */,
			);
			productName = rickmorty;
			productReference = 3C3A1D6029F6B666002208BC /* rickmorty.app */;
			productType = "com.apple.product-type.application";
		};
		3C3A1D7529F6B668002208BC /* rickmortyTests */ = {
			isa = PBXNativeTarget;
			buildConfigurationList = 3C3A1D8D29F6B668002208BC /* Build configuration list for PBXNativeTarget "rickmortyTests" */;
			buildPhases = (
				3C3A1D7229F6B668002208BC /* Sources */,
				3C3A1D7329F6B668002208BC /* Frameworks */,
				3C3A1D7429F6B668002208BC /* Resources */,
			);
			buildRules = (
			);
			dependencies = (
				3C3A1D7829F6B668002208BC /* PBXTargetDependency */,
			);
			name = rickmortyTests;
			productName = rickmortyTests;
			productReference = 3C3A1D7629F6B668002208BC /* rickmortyTests.xctest */;
			productType = "com.apple.product-type.bundle.unit-test";
		};
		3C3A1D7F29F6B668002208BC /* rickmortyUITests */ = {
			isa = PBXNativeTarget;
			buildConfigurationList = 3C3A1D9029F6B668002208BC /* Build configuration list for PBXNativeTarget "rickmortyUITests" */;
			buildPhases = (
				3C3A1D7C29F6B668002208BC /* Sources */,
				3C3A1D7D29F6B668002208BC /* Frameworks */,
				3C3A1D7E29F6B668002208BC /* Resources */,
			);
			buildRules = (
			);
			dependencies = (
				3C3A1D8229F6B668002208BC /* PBXTargetDependency */,
			);
			name = rickmortyUITests;
			productName = rickmortyUITests;
			productReference = 3C3A1D8029F6B668002208BC /* rickmortyUITests.xctest */;
			productType = "com.apple.product-type.bundle.ui-testing";
		};
/* End PBXNativeTarget section */

/* Begin PBXProject section */
		3C3A1D5829F6B666002208BC /* Project object */ = {
			isa = PBXProject;
			attributes = {
				BuildIndependentTargetsInParallel = 1;
				LastSwiftUpdateCheck = 1400;
				LastUpgradeCheck = 1400;
				TargetAttributes = {
					3C3A1D5F29F6B666002208BC = {
						CreatedOnToolsVersion = 14.0;
					};
					3C3A1D7529F6B668002208BC = {
						CreatedOnToolsVersion = 14.0;
						TestTargetID = 3C3A1D5F29F6B666002208BC;
					};
					3C3A1D7F29F6B668002208BC = {
						CreatedOnToolsVersion = 14.0;
						TestTargetID = 3C3A1D5F29F6B666002208BC;
					};
				};
			};
			buildConfigurationList = 3C3A1D5B29F6B666002208BC /* Build configuration list for PBXProject "rickmorty" */;
			compatibilityVersion = "Xcode 14.0";
			developmentRegion = en;
			hasScannedForEncodings = 0;
			knownRegions = (
				en,
				Base,
			);
			mainGroup = 3C3A1D5729F6B666002208BC;
			packageReferences = (
				3C911F1729FBEE14006CBA74 /* XCRemoteSwiftPackageReference "PromiseKit" */,
			);
			productRefGroup = 3C3A1D6129F6B666002208BC /* Products */;
			projectDirPath = "";
			projectRoot = "";
			targets = (
				3C3A1D5F29F6B666002208BC /* rickmorty */,
				3C3A1D7529F6B668002208BC /* rickmortyTests */,
				3C3A1D7F29F6B668002208BC /* rickmortyUITests */,
			);
		};
/* End PBXProject section */

/* Begin PBXResourcesBuildPhase section */
		3C3A1D5E29F6B666002208BC /* Resources */ = {
			isa = PBXResourcesBuildPhase;
			buildActionMask = 2147483647;
			files = (
				3C3A1D9829F6BF54002208BC /* Colors.xcassets in Resources */,
				3C3A1D7029F6B668002208BC /* LaunchScreen.storyboard in Resources */,
				3C3A1D6D29F6B668002208BC /* Assets.xcassets in Resources */,
			);
			runOnlyForDeploymentPostprocessing = 0;
		};
		3C3A1D7429F6B668002208BC /* Resources */ = {
			isa = PBXResourcesBuildPhase;
			buildActionMask = 2147483647;
			files = (
			);
			runOnlyForDeploymentPostprocessing = 0;
		};
		3C3A1D7E29F6B668002208BC /* Resources */ = {
			isa = PBXResourcesBuildPhase;
			buildActionMask = 2147483647;
			files = (
			);
			runOnlyForDeploymentPostprocessing = 0;
		};
/* End PBXResourcesBuildPhase section */

/* Begin PBXSourcesBuildPhase section */
		3C3A1D5C29F6B666002208BC /* Sources */ = {
			isa = PBXSourcesBuildPhase;
			buildActionMask = 2147483647;
			files = (
				3C4A41A529FA91D500EBAEB5 /* UIView.swift in Sources */,
				3C3A1D9629F6BC62002208BC /* MainViewController.swift in Sources */,
				3C22922529F8094200A90EE8 /* LoadingView.swift in Sources */,
				3C0C15F729F890BD00B9DD51 /* MainModels.swift in Sources */,
				3C0C15F229F88FD000B9DD51 /* CharacterWorker.swift in Sources */,
				3CD6EADC29F9A7530027DF1E /* UIImageView.swift in Sources */,
				3CD6EADA29F993020027DF1E /* MainTableResultViewCell.swift in Sources */,
				3C0C15F529F8900500B9DD51 /* MainPresenter.swift in Sources */,
				3C3A1D6829F6B666002208BC /* ViewController.swift in Sources */,
				3C22922929F8347200A90EE8 /* Color.swift in Sources */,
				3C0C15F929F89B1F00B9DD51 /* MainConfiguration.swift in Sources */,
				3C3A1D6429F6B666002208BC /* AppDelegate.swift in Sources */,
				3C0C15F029F88EE700B9DD51 /* MainInteractor.swift in Sources */,
			);
			runOnlyForDeploymentPostprocessing = 0;
		};
		3C3A1D7229F6B668002208BC /* Sources */ = {
			isa = PBXSourcesBuildPhase;
			buildActionMask = 2147483647;
			files = (
				3C3A1D7B29F6B668002208BC /* rickmortyTests.swift in Sources */,
			);
			runOnlyForDeploymentPostprocessing = 0;
		};
		3C3A1D7C29F6B668002208BC /* Sources */ = {
			isa = PBXSourcesBuildPhase;
			buildActionMask = 2147483647;
			files = (
				3C3A1D8529F6B668002208BC /* rickmortyUITests.swift in Sources */,
				3C3A1D8729F6B668002208BC /* rickmortyUITestsLaunchTests.swift in Sources */,
			);
			runOnlyForDeploymentPostprocessing = 0;
		};
/* End PBXSourcesBuildPhase section */

/* Begin PBXTargetDependency section */
		3C3A1D7829F6B668002208BC /* PBXTargetDependency */ = {
			isa = PBXTargetDependency;
			target = 3C3A1D5F29F6B666002208BC /* rickmorty */;
			targetProxy = 3C3A1D7729F6B668002208BC /* PBXContainerItemProxy */;
		};
		3C3A1D8229F6B668002208BC /* PBXTargetDependency */ = {
			isa = PBXTargetDependency;
			target = 3C3A1D5F29F6B666002208BC /* rickmorty */;
			targetProxy = 3C3A1D8129F6B668002208BC /* PBXContainerItemProxy */;
		};
/* End PBXTargetDependency section */

/* Begin PBXVariantGroup section */
		3C3A1D6E29F6B668002208BC /* LaunchScreen.storyboard */ = {
			isa = PBXVariantGroup;
			children = (
				3C3A1D6F29F6B668002208BC /* Base */,
			);
			name = LaunchScreen.storyboard;
			sourceTree = "<group>";
		};
/* End PBXVariantGroup section */

/* Begin XCBuildConfiguration section */
		3C3A1D8829F6B668002208BC /* Debug */ = {
			isa = XCBuildConfiguration;
			buildSettings = {
				ALWAYS_SEARCH_USER_PATHS = NO;
				CLANG_ANALYZER_NONNULL = YES;
				CLANG_ANALYZER_NUMBER_OBJECT_CONVERSION = YES_AGGRESSIVE;
				CLANG_CXX_LANGUAGE_STANDARD = "gnu++20";
				CLANG_ENABLE_MODULES = YES;
				CLANG_ENABLE_OBJC_ARC = YES;
				CLANG_ENABLE_OBJC_WEAK = YES;
				CLANG_WARN_BLOCK_CAPTURE_AUTORELEASING = YES;
				CLANG_WARN_BOOL_CONVERSION = YES;
				CLANG_WARN_COMMA = YES;
				CLANG_WARN_CONSTANT_CONVERSION = YES;
				CLANG_WARN_DEPRECATED_OBJC_IMPLEMENTATIONS = YES;
				CLANG_WARN_DIRECT_OBJC_ISA_USAGE = YES_ERROR;
				CLANG_WARN_DOCUMENTATION_COMMENTS = YES;
				CLANG_WARN_EMPTY_BODY = YES;
				CLANG_WARN_ENUM_CONVERSION = YES;
				CLANG_WARN_INFINITE_RECURSION = YES;
				CLANG_WARN_INT_CONVERSION = YES;
				CLANG_WARN_NON_LITERAL_NULL_CONVERSION = YES;
				CLANG_WARN_OBJC_IMPLICIT_RETAIN_SELF = YES;
				CLANG_WARN_OBJC_LITERAL_CONVERSION = YES;
				CLANG_WARN_OBJC_ROOT_CLASS = YES_ERROR;
				CLANG_WARN_QUOTED_INCLUDE_IN_FRAMEWORK_HEADER = YES;
				CLANG_WARN_RANGE_LOOP_ANALYSIS = YES;
				CLANG_WARN_STRICT_PROTOTYPES = YES;
				CLANG_WARN_SUSPICIOUS_MOVE = YES;
				CLANG_WARN_UNGUARDED_AVAILABILITY = YES_AGGRESSIVE;
				CLANG_WARN_UNREACHABLE_CODE = YES;
				CLANG_WARN__DUPLICATE_METHOD_MATCH = YES;
				COPY_PHASE_STRIP = NO;
				DEBUG_INFORMATION_FORMAT = dwarf;
				ENABLE_STRICT_OBJC_MSGSEND = YES;
				ENABLE_TESTABILITY = YES;
				GCC_C_LANGUAGE_STANDARD = gnu11;
				GCC_DYNAMIC_NO_PIC = NO;
				GCC_NO_COMMON_BLOCKS = YES;
				GCC_OPTIMIZATION_LEVEL = 0;
				GCC_PREPROCESSOR_DEFINITIONS = (
					"DEBUG=1",
					"$(inherited)",
				);
				GCC_WARN_64_TO_32_BIT_CONVERSION = YES;
				GCC_WARN_ABOUT_RETURN_TYPE = YES_ERROR;
				GCC_WARN_UNDECLARED_SELECTOR = YES;
				GCC_WARN_UNINITIALIZED_AUTOS = YES_AGGRESSIVE;
				GCC_WARN_UNUSED_FUNCTION = YES;
				GCC_WARN_UNUSED_VARIABLE = YES;
				IPHONEOS_DEPLOYMENT_TARGET = 16.0;
				MTL_ENABLE_DEBUG_INFO = INCLUDE_SOURCE;
				MTL_FAST_MATH = YES;
				ONLY_ACTIVE_ARCH = YES;
				SDKROOT = iphoneos;
				SWIFT_ACTIVE_COMPILATION_CONDITIONS = DEBUG;
				SWIFT_OPTIMIZATION_LEVEL = "-Onone";
			};
			name = Debug;
		};
		3C3A1D8929F6B668002208BC /* Release */ = {
			isa = XCBuildConfiguration;
			buildSettings = {
				ALWAYS_SEARCH_USER_PATHS = NO;
				CLANG_ANALYZER_NONNULL = YES;
				CLANG_ANALYZER_NUMBER_OBJECT_CONVERSION = YES_AGGRESSIVE;
				CLANG_CXX_LANGUAGE_STANDARD = "gnu++20";
				CLANG_ENABLE_MODULES = YES;
				CLANG_ENABLE_OBJC_ARC = YES;
				CLANG_ENABLE_OBJC_WEAK = YES;
				CLANG_WARN_BLOCK_CAPTURE_AUTORELEASING = YES;
				CLANG_WARN_BOOL_CONVERSION = YES;
				CLANG_WARN_COMMA = YES;
				CLANG_WARN_CONSTANT_CONVERSION = YES;
				CLANG_WARN_DEPRECATED_OBJC_IMPLEMENTATIONS = YES;
				CLANG_WARN_DIRECT_OBJC_ISA_USAGE = YES_ERROR;
				CLANG_WARN_DOCUMENTATION_COMMENTS = YES;
				CLANG_WARN_EMPTY_BODY = YES;
				CLANG_WARN_ENUM_CONVERSION = YES;
				CLANG_WARN_INFINITE_RECURSION = YES;
				CLANG_WARN_INT_CONVERSION = YES;
				CLANG_WARN_NON_LITERAL_NULL_CONVERSION = YES;
				CLANG_WARN_OBJC_IMPLICIT_RETAIN_SELF = YES;
				CLANG_WARN_OBJC_LITERAL_CONVERSION = YES;
				CLANG_WARN_OBJC_ROOT_CLASS = YES_ERROR;
				CLANG_WARN_QUOTED_INCLUDE_IN_FRAMEWORK_HEADER = YES;
				CLANG_WARN_RANGE_LOOP_ANALYSIS = YES;
				CLANG_WARN_STRICT_PROTOTYPES = YES;
				CLANG_WARN_SUSPICIOUS_MOVE = YES;
				CLANG_WARN_UNGUARDED_AVAILABILITY = YES_AGGRESSIVE;
				CLANG_WARN_UNREACHABLE_CODE = YES;
				CLANG_WARN__DUPLICATE_METHOD_MATCH = YES;
				COPY_PHASE_STRIP = NO;
				DEBUG_INFORMATION_FORMAT = "dwarf-with-dsym";
				ENABLE_NS_ASSERTIONS = NO;
				ENABLE_STRICT_OBJC_MSGSEND = YES;
				GCC_C_LANGUAGE_STANDARD = gnu11;
				GCC_NO_COMMON_BLOCKS = YES;
				GCC_WARN_64_TO_32_BIT_CONVERSION = YES;
				GCC_WARN_ABOUT_RETURN_TYPE = YES_ERROR;
				GCC_WARN_UNDECLARED_SELECTOR = YES;
				GCC_WARN_UNINITIALIZED_AUTOS = YES_AGGRESSIVE;
				GCC_WARN_UNUSED_FUNCTION = YES;
				GCC_WARN_UNUSED_VARIABLE = YES;
				IPHONEOS_DEPLOYMENT_TARGET = 16.0;
				MTL_ENABLE_DEBUG_INFO = NO;
				MTL_FAST_MATH = YES;
				SDKROOT = iphoneos;
				SWIFT_COMPILATION_MODE = wholemodule;
				SWIFT_OPTIMIZATION_LEVEL = "-O";
				VALIDATE_PRODUCT = YES;
			};
			name = Release;
		};
		3C3A1D8B29F6B668002208BC /* Debug */ = {
			isa = XCBuildConfiguration;
			buildSettings = {
				ASSETCATALOG_COMPILER_APPICON_NAME = AppIcon;
				ASSETCATALOG_COMPILER_GLOBAL_ACCENT_COLOR_NAME = AccentColor;
				CODE_SIGN_STYLE = Automatic;
				CURRENT_PROJECT_VERSION = 1;
				DEVELOPMENT_TEAM = J59PLV4WT4;
				GENERATE_INFOPLIST_FILE = YES;
				INFOPLIST_FILE = rickmorty/Info.plist;
				INFOPLIST_KEY_CFBundleDisplayName = "Rick&Morty";
				INFOPLIST_KEY_LSApplicationCategoryType = "public.app-category.entertainment";
				INFOPLIST_KEY_UIApplicationSupportsIndirectInputEvents = YES;
				INFOPLIST_KEY_UILaunchStoryboardName = LaunchScreen.storyboard;
				INFOPLIST_KEY_UIMainStoryboardFile = "";
				INFOPLIST_KEY_UIStatusBarHidden = NO;
				INFOPLIST_KEY_UISupportedInterfaceOrientations_iPad = "UIInterfaceOrientationPortrait UIInterfaceOrientationPortraitUpsideDown UIInterfaceOrientationLandscapeLeft UIInterfaceOrientationLandscapeRight";
				INFOPLIST_KEY_UISupportedInterfaceOrientations_iPhone = "UIInterfaceOrientationPortrait UIInterfaceOrientationLandscapeLeft UIInterfaceOrientationLandscapeRight";
				IPHONEOS_DEPLOYMENT_TARGET = 13.6;
				LD_RUNPATH_SEARCH_PATHS = (
					"$(inherited)",
					"@executable_path/Frameworks",
				);
				MARKETING_VERSION = 1.0;
				PRODUCT_BUNDLE_IDENTIFIER = com.estudies.rickmorty;
				PRODUCT_NAME = "$(TARGET_NAME)";
				SUPPORTED_PLATFORMS = "iphoneos iphonesimulator";
				SUPPORTS_MACCATALYST = NO;
				SUPPORTS_MAC_DESIGNED_FOR_IPHONE_IPAD = NO;
				SWIFT_EMIT_LOC_STRINGS = YES;
				SWIFT_VERSION = 5.0;
				TARGETED_DEVICE_FAMILY = 1;
			};
			name = Debug;
		};
		3C3A1D8C29F6B668002208BC /* Release */ = {
			isa = XCBuildConfiguration;
			buildSettings = {
				ASSETCATALOG_COMPILER_APPICON_NAME = AppIcon;
				ASSETCATALOG_COMPILER_GLOBAL_ACCENT_COLOR_NAME = AccentColor;
				CODE_SIGN_STYLE = Automatic;
				CURRENT_PROJECT_VERSION = 1;
				DEVELOPMENT_TEAM = J59PLV4WT4;
				GENERATE_INFOPLIST_FILE = YES;
				INFOPLIST_FILE = rickmorty/Info.plist;
				INFOPLIST_KEY_CFBundleDisplayName = "Rick&Morty";
				INFOPLIST_KEY_LSApplicationCategoryType = "public.app-category.entertainment";
				INFOPLIST_KEY_UIApplicationSupportsIndirectInputEvents = YES;
				INFOPLIST_KEY_UILaunchStoryboardName = LaunchScreen.storyboard;
				INFOPLIST_KEY_UIMainStoryboardFile = "";
				INFOPLIST_KEY_UIStatusBarHidden = NO;
				INFOPLIST_KEY_UISupportedInterfaceOrientations_iPad = "UIInterfaceOrientationPortrait UIInterfaceOrientationPortraitUpsideDown UIInterfaceOrientationLandscapeLeft UIInterfaceOrientationLandscapeRight";
				INFOPLIST_KEY_UISupportedInterfaceOrientations_iPhone = "UIInterfaceOrientationPortrait UIInterfaceOrientationLandscapeLeft UIInterfaceOrientationLandscapeRight";
				IPHONEOS_DEPLOYMENT_TARGET = 13.6;
				LD_RUNPATH_SEARCH_PATHS = (
					"$(inherited)",
					"@executable_path/Frameworks",
				);
				MARKETING_VERSION = 1.0;
				PRODUCT_BUNDLE_IDENTIFIER = com.estudies.rickmorty;
				PRODUCT_NAME = "$(TARGET_NAME)";
				SUPPORTED_PLATFORMS = "iphoneos iphonesimulator";
				SUPPORTS_MACCATALYST = NO;
				SUPPORTS_MAC_DESIGNED_FOR_IPHONE_IPAD = NO;
				SWIFT_EMIT_LOC_STRINGS = YES;
				SWIFT_VERSION = 5.0;
				TARGETED_DEVICE_FAMILY = 1;
			};
			name = Release;
		};
		3C3A1D8E29F6B668002208BC /* Debug */ = {
			isa = XCBuildConfiguration;
			buildSettings = {
				ALWAYS_EMBED_SWIFT_STANDARD_LIBRARIES = YES;
				BUNDLE_LOADER = "$(TEST_HOST)";
				CODE_SIGN_STYLE = Automatic;
				CURRENT_PROJECT_VERSION = 1;
				DEVELOPMENT_TEAM = J59PLV4WT4;
				GENERATE_INFOPLIST_FILE = YES;
				IPHONEOS_DEPLOYMENT_TARGET = 16.0;
				MARKETING_VERSION = 1.0;
				PRODUCT_BUNDLE_IDENTIFIER = com.estudies.rickmortyTests;
				PRODUCT_NAME = "$(TARGET_NAME)";
				SWIFT_EMIT_LOC_STRINGS = NO;
				SWIFT_VERSION = 5.0;
				TARGETED_DEVICE_FAMILY = "1,2";
				TEST_HOST = "$(BUILT_PRODUCTS_DIR)/rickmorty.app/$(BUNDLE_EXECUTABLE_FOLDER_PATH)/rickmorty";
			};
			name = Debug;
		};
		3C3A1D8F29F6B668002208BC /* Release */ = {
			isa = XCBuildConfiguration;
			buildSettings = {
				ALWAYS_EMBED_SWIFT_STANDARD_LIBRARIES = YES;
				BUNDLE_LOADER = "$(TEST_HOST)";
				CODE_SIGN_STYLE = Automatic;
				CURRENT_PROJECT_VERSION = 1;
				DEVELOPMENT_TEAM = J59PLV4WT4;
				GENERATE_INFOPLIST_FILE = YES;
				IPHONEOS_DEPLOYMENT_TARGET = 16.0;
				MARKETING_VERSION = 1.0;
				PRODUCT_BUNDLE_IDENTIFIER = com.estudies.rickmortyTests;
				PRODUCT_NAME = "$(TARGET_NAME)";
				SWIFT_EMIT_LOC_STRINGS = NO;
				SWIFT_VERSION = 5.0;
				TARGETED_DEVICE_FAMILY = "1,2";
				TEST_HOST = "$(BUILT_PRODUCTS_DIR)/rickmorty.app/$(BUNDLE_EXECUTABLE_FOLDER_PATH)/rickmorty";
			};
			name = Release;
		};
		3C3A1D9129F6B668002208BC /* Debug */ = {
			isa = XCBuildConfiguration;
			buildSettings = {
				ALWAYS_EMBED_SWIFT_STANDARD_LIBRARIES = YES;
				CODE_SIGN_STYLE = Automatic;
				CURRENT_PROJECT_VERSION = 1;
				DEVELOPMENT_TEAM = J59PLV4WT4;
				GENERATE_INFOPLIST_FILE = YES;
				MARKETING_VERSION = 1.0;
				PRODUCT_BUNDLE_IDENTIFIER = com.estudies.rickmortyUITests;
				PRODUCT_NAME = "$(TARGET_NAME)";
				SWIFT_EMIT_LOC_STRINGS = NO;
				SWIFT_VERSION = 5.0;
				TARGETED_DEVICE_FAMILY = "1,2";
				TEST_TARGET_NAME = rickmorty;
			};
			name = Debug;
		};
		3C3A1D9229F6B668002208BC /* Release */ = {
			isa = XCBuildConfiguration;
			buildSettings = {
				ALWAYS_EMBED_SWIFT_STANDARD_LIBRARIES = YES;
				CODE_SIGN_STYLE = Automatic;
				CURRENT_PROJECT_VERSION = 1;
				DEVELOPMENT_TEAM = J59PLV4WT4;
				GENERATE_INFOPLIST_FILE = YES;
				MARKETING_VERSION = 1.0;
				PRODUCT_BUNDLE_IDENTIFIER = com.estudies.rickmortyUITests;
				PRODUCT_NAME = "$(TARGET_NAME)";
				SWIFT_EMIT_LOC_STRINGS = NO;
				SWIFT_VERSION = 5.0;
				TARGETED_DEVICE_FAMILY = "1,2";
				TEST_TARGET_NAME = rickmorty;
			};
			name = Release;
		};
/* End XCBuildConfiguration section */

/* Begin XCConfigurationList section */
		3C3A1D5B29F6B666002208BC /* Build configuration list for PBXProject "rickmorty" */ = {
			isa = XCConfigurationList;
			buildConfigurations = (
				3C3A1D8829F6B668002208BC /* Debug */,
				3C3A1D8929F6B668002208BC /* Release */,
			);
			defaultConfigurationIsVisible = 0;
			defaultConfigurationName = Release;
		};
		3C3A1D8A29F6B668002208BC /* Build configuration list for PBXNativeTarget "rickmorty" */ = {
			isa = XCConfigurationList;
			buildConfigurations = (
				3C3A1D8B29F6B668002208BC /* Debug */,
				3C3A1D8C29F6B668002208BC /* Release */,
			);
			defaultConfigurationIsVisible = 0;
			defaultConfigurationName = Release;
		};
		3C3A1D8D29F6B668002208BC /* Build configuration list for PBXNativeTarget "rickmortyTests" */ = {
			isa = XCConfigurationList;
			buildConfigurations = (
				3C3A1D8E29F6B668002208BC /* Debug */,
				3C3A1D8F29F6B668002208BC /* Release */,
			);
			defaultConfigurationIsVisible = 0;
			defaultConfigurationName = Release;
		};
		3C3A1D9029F6B668002208BC /* Build configuration list for PBXNativeTarget "rickmortyUITests" */ = {
			isa = XCConfigurationList;
			buildConfigurations = (
				3C3A1D9129F6B668002208BC /* Debug */,
				3C3A1D9229F6B668002208BC /* Release */,
			);
			defaultConfigurationIsVisible = 0;
			defaultConfigurationName = Release;
		};
/* End XCConfigurationList section */

/* Begin XCRemoteSwiftPackageReference section */
		3C911F1729FBEE14006CBA74 /* XCRemoteSwiftPackageReference "PromiseKit" */ = {
			isa = XCRemoteSwiftPackageReference;
			repositoryURL = "https://github.com/mxcl/PromiseKit";
			requirement = {
				kind = upToNextMajorVersion;
				minimumVersion = 6.0.0;
			};
		};
/* End XCRemoteSwiftPackageReference section */

/* Begin XCSwiftPackageProductDependency section */
		3C911F1829FBEE14006CBA74 /* PromiseKit */ = {
			isa = XCSwiftPackageProductDependency;
			package = 3C911F1729FBEE14006CBA74 /* XCRemoteSwiftPackageReference "PromiseKit" */;
			productName = PromiseKit;
		};
/* End XCSwiftPackageProductDependency section */
	};
	rootObject = 3C3A1D5829F6B666002208BC /* Project object */;
}
